// !$*UTF8*$!
{
	archiveVersion = 1;
	classes = {
	};
	objectVersion = 55;
	objects = {

/* Begin PBXBuildFile section */
		4F1A2A5306B6C3901C39C271 /* Pods_Firebase_Authentication.framework in Frameworks */ = {isa = PBXBuildFile; fileRef = 9E3908E34CCFDD86B2A2BBCA /* Pods_Firebase_Authentication.framework */; };
		6A436E9E284A5DB200D71F71 /* StorageManager.swift in Sources */ = {isa = PBXBuildFile; fileRef = 6A436E9D284A5DB200D71F71 /* StorageManager.swift */; };
		6A8A51B72847729B00A3A291 /* AppDelegate.swift in Sources */ = {isa = PBXBuildFile; fileRef = 6A8A51B62847729B00A3A291 /* AppDelegate.swift */; };
		6A8A51B92847729B00A3A291 /* SceneDelegate.swift in Sources */ = {isa = PBXBuildFile; fileRef = 6A8A51B82847729B00A3A291 /* SceneDelegate.swift */; };
		6A8A51BB2847729B00A3A291 /* ViewController.swift in Sources */ = {isa = PBXBuildFile; fileRef = 6A8A51BA2847729B00A3A291 /* ViewController.swift */; };
		6A8A51BE2847729C00A3A291 /* Main.storyboard in Resources */ = {isa = PBXBuildFile; fileRef = 6A8A51BC2847729C00A3A291 /* Main.storyboard */; };
		6A8A51C02847729E00A3A291 /* Assets.xcassets in Resources */ = {isa = PBXBuildFile; fileRef = 6A8A51BF2847729E00A3A291 /* Assets.xcassets */; };
		6A8A51C32847729E00A3A291 /* LaunchScreen.storyboard in Resources */ = {isa = PBXBuildFile; fileRef = 6A8A51C12847729E00A3A291 /* LaunchScreen.storyboard */; };
		6A8A51CB2847735A00A3A291 /* LoginViewController.swift in Sources */ = {isa = PBXBuildFile; fileRef = 6A8A51CA2847735A00A3A291 /* LoginViewController.swift */; };
		6A8A51CD2847736E00A3A291 /* SignupViewController.swift in Sources */ = {isa = PBXBuildFile; fileRef = 6A8A51CC2847736E00A3A291 /* SignupViewController.swift */; };
		6A8A51CF2847740C00A3A291 /* HomeViewController.swift in Sources */ = {isa = PBXBuildFile; fileRef = 6A8A51CE2847740C00A3A291 /* HomeViewController.swift */; };
		6AD28BB8284DCAA3006AF731 /* GoogleService-Info.plist in Resources */ = {isa = PBXBuildFile; fileRef = 6AD28BB7284DCAA3006AF731 /* GoogleService-Info.plist */; };
		6AE7CD9D2847C9F30016EB80 /* Constants.swift in Sources */ = {isa = PBXBuildFile; fileRef = 6AE7CD9C2847C9F30016EB80 /* Constants.swift */; };
/* End PBXBuildFile section */

/* Begin PBXFileReference section */
		6A436E9D284A5DB200D71F71 /* StorageManager.swift */ = {isa = PBXFileReference; lastKnownFileType = sourcecode.swift; path = StorageManager.swift; sourceTree = "<group>"; };
		6A8A51B32847729B00A3A291 /* Firebase Authentication.app */ = {isa = PBXFileReference; explicitFileType = wrapper.application; includeInIndex = 0; path = "Firebase Authentication.app"; sourceTree = BUILT_PRODUCTS_DIR; };
		6A8A51B62847729B00A3A291 /* AppDelegate.swift */ = {isa = PBXFileReference; lastKnownFileType = sourcecode.swift; path = AppDelegate.swift; sourceTree = "<group>"; };
		6A8A51B82847729B00A3A291 /* SceneDelegate.swift */ = {isa = PBXFileReference; lastKnownFileType = sourcecode.swift; path = SceneDelegate.swift; sourceTree = "<group>"; };
		6A8A51BA2847729B00A3A291 /* ViewController.swift */ = {isa = PBXFileReference; lastKnownFileType = sourcecode.swift; path = ViewController.swift; sourceTree = "<group>"; };
		6A8A51BD2847729C00A3A291 /* Base */ = {isa = PBXFileReference; lastKnownFileType = file.storyboard; name = Base; path = Base.lproj/Main.storyboard; sourceTree = "<group>"; };
		6A8A51BF2847729E00A3A291 /* Assets.xcassets */ = {isa = PBXFileReference; lastKnownFileType = folder.assetcatalog; path = Assets.xcassets; sourceTree = "<group>"; };
		6A8A51C22847729E00A3A291 /* Base */ = {isa = PBXFileReference; lastKnownFileType = file.storyboard; name = Base; path = Base.lproj/LaunchScreen.storyboard; sourceTree = "<group>"; };
		6A8A51C42847729E00A3A291 /* Info.plist */ = {isa = PBXFileReference; lastKnownFileType = text.plist.xml; path = Info.plist; sourceTree = "<group>"; };
		6A8A51CA2847735A00A3A291 /* LoginViewController.swift */ = {isa = PBXFileReference; lastKnownFileType = sourcecode.swift; path = LoginViewController.swift; sourceTree = "<group>"; };
		6A8A51CC2847736E00A3A291 /* SignupViewController.swift */ = {isa = PBXFileReference; lastKnownFileType = sourcecode.swift; path = SignupViewController.swift; sourceTree = "<group>"; };
		6A8A51CE2847740C00A3A291 /* HomeViewController.swift */ = {isa = PBXFileReference; lastKnownFileType = sourcecode.swift; path = HomeViewController.swift; sourceTree = "<group>"; };
		6AD28BB7284DCAA3006AF731 /* GoogleService-Info.plist */ = {isa = PBXFileReference; fileEncoding = 4; lastKnownFileType = text.plist.xml; path = "GoogleService-Info.plist"; sourceTree = "<group>"; };
		6AE7CD9C2847C9F30016EB80 /* Constants.swift */ = {isa = PBXFileReference; lastKnownFileType = sourcecode.swift; path = Constants.swift; sourceTree = "<group>"; };
		9E3908E34CCFDD86B2A2BBCA /* Pods_Firebase_Authentication.framework */ = {isa = PBXFileReference; explicitFileType = wrapper.framework; includeInIndex = 0; path = Pods_Firebase_Authentication.framework; sourceTree = BUILT_PRODUCTS_DIR; };
		C4855AAA6A0AB9BAE2EB0219 /* Pods-Firebase Authentication.debug.xcconfig */ = {isa = PBXFileReference; includeInIndex = 1; lastKnownFileType = text.xcconfig; name = "Pods-Firebase Authentication.debug.xcconfig"; path = "Target Support Files/Pods-Firebase Authentication/Pods-Firebase Authentication.debug.xcconfig"; sourceTree = "<group>"; };
		DBBE2A3701502B6F00B15E83 /* Pods-Firebase Authentication.release.xcconfig */ = {isa = PBXFileReference; includeInIndex = 1; lastKnownFileType = text.xcconfig; name = "Pods-Firebase Authentication.release.xcconfig"; path = "Target Support Files/Pods-Firebase Authentication/Pods-Firebase Authentication.release.xcconfig"; sourceTree = "<group>"; };
/* End PBXFileReference section */

/* Begin PBXFrameworksBuildPhase section */
		6A8A51B02847729B00A3A291 /* Frameworks */ = {
			isa = PBXFrameworksBuildPhase;
			buildActionMask = 2147483647;
			files = (
				4F1A2A5306B6C3901C39C271 /* Pods_Firebase_Authentication.framework in Frameworks */,
			);
			runOnlyForDeploymentPostprocessing = 0;
		};
/* End PBXFrameworksBuildPhase section */

/* Begin PBXGroup section */
		6A8A51AA2847729B00A3A291 = {
			isa = PBXGroup;
			children = (
				6A8A51B52847729B00A3A291 /* Firebase Authentication */,
				6A8A51B42847729B00A3A291 /* Products */,
				92C078DE8771C1894046C472 /* Pods */,
				B1FD527B359ADEE017B210C4 /* Frameworks */,
			);
			sourceTree = "<group>";
		};
		6A8A51B42847729B00A3A291 /* Products */ = {
			isa = PBXGroup;
			children = (
				6A8A51B32847729B00A3A291 /* Firebase Authentication.app */,
			);
			name = Products;
			sourceTree = "<group>";
		};
		6A8A51B52847729B00A3A291 /* Firebase Authentication */ = {
			isa = PBXGroup;
			children = (
				6A8A51B62847729B00A3A291 /* AppDelegate.swift */,
				6A8A51B82847729B00A3A291 /* SceneDelegate.swift */,
				6AE7CD9C2847C9F30016EB80 /* Constants.swift */,
				6A436E9D284A5DB200D71F71 /* StorageManager.swift */,
				6A8A51D02847948A00A3A291 /* View Controllers */,
				6A8A51BC2847729C00A3A291 /* Main.storyboard */,
				6A8A51BF2847729E00A3A291 /* Assets.xcassets */,
				6A8A51C12847729E00A3A291 /* LaunchScreen.storyboard */,
				6A8A51C42847729E00A3A291 /* Info.plist */,
				6AD28BB7284DCAA3006AF731 /* GoogleService-Info.plist */,
			);
			path = "Firebase Authentication";
			sourceTree = "<group>";
		};
		6A8A51D02847948A00A3A291 /* View Controllers */ = {
			isa = PBXGroup;
			children = (
				6A8A51BA2847729B00A3A291 /* ViewController.swift */,
				6A8A51CA2847735A00A3A291 /* LoginViewController.swift */,
				6A8A51CC2847736E00A3A291 /* SignupViewController.swift */,
				6A8A51CE2847740C00A3A291 /* HomeViewController.swift */,
			);
			path = "View Controllers";
			sourceTree = "<group>";
		};
		92C078DE8771C1894046C472 /* Pods */ = {
			isa = PBXGroup;
			children = (
				C4855AAA6A0AB9BAE2EB0219 /* Pods-Firebase Authentication.debug.xcconfig */,
				DBBE2A3701502B6F00B15E83 /* Pods-Firebase Authentication.release.xcconfig */,
			);
			path = Pods;
			sourceTree = "<group>";
		};
		B1FD527B359ADEE017B210C4 /* Frameworks */ = {
			isa = PBXGroup;
			children = (
				9E3908E34CCFDD86B2A2BBCA /* Pods_Firebase_Authentication.framework */,
			);
			name = Frameworks;
			sourceTree = "<group>";
		};
/* End PBXGroup section */

/* Begin PBXNativeTarget section */
		6A8A51B22847729B00A3A291 /* Firebase Authentication */ = {
			isa = PBXNativeTarget;
			buildConfigurationList = 6A8A51C72847729E00A3A291 /* Build configuration list for PBXNativeTarget "Firebase Authentication" */;
			buildPhases = (
				9453F39C59384513233178FC /* [CP] Check Pods Manifest.lock */,
				6A8A51AF2847729B00A3A291 /* Sources */,
				6A8A51B02847729B00A3A291 /* Frameworks */,
				6A8A51B12847729B00A3A291 /* Resources */,
				9877D043699969759B652EB0 /* [CP] Embed Pods Frameworks */,
			);
			buildRules = (
			);
			dependencies = (
			);
			name = "Firebase Authentication";
			productName = "Firebase Authentication";
			productReference = 6A8A51B32847729B00A3A291 /* Firebase Authentication.app */;
			productType = "com.apple.product-type.application";
		};
/* End PBXNativeTarget section */

/* Begin PBXProject section */
		6A8A51AB2847729B00A3A291 /* Project object */ = {
			isa = PBXProject;
			attributes = {
				BuildIndependentTargetsInParallel = 1;
				LastSwiftUpdateCheck = 1340;
				LastUpgradeCheck = 1340;
				TargetAttributes = {
					6A8A51B22847729B00A3A291 = {
						CreatedOnToolsVersion = 13.4;
					};
				};
			};
			buildConfigurationList = 6A8A51AE2847729B00A3A291 /* Build configuration list for PBXProject "Firebase Authentication" */;
			compatibilityVersion = "Xcode 13.0";
			developmentRegion = en;
			hasScannedForEncodings = 0;
			knownRegions = (
				en,
				Base,
			);
			mainGroup = 6A8A51AA2847729B00A3A291;
			productRefGroup = 6A8A51B42847729B00A3A291 /* Products */;
			projectDirPath = "";
			projectRoot = "";
			targets = (
				6A8A51B22847729B00A3A291 /* Firebase Authentication */,
			);
		};
/* End PBXProject section */

/* Begin PBXResourcesBuildPhase section */
		6A8A51B12847729B00A3A291 /* Resources */ = {
			isa = PBXResourcesBuildPhase;
			buildActionMask = 2147483647;
			files = (
				6A8A51C32847729E00A3A291 /* LaunchScreen.storyboard in Resources */,
				6AD28BB8284DCAA3006AF731 /* GoogleService-Info.plist in Resources */,
				6A8A51C02847729E00A3A291 /* Assets.xcassets in Resources */,
				6A8A51BE2847729C00A3A291 /* Main.storyboard in Resources */,
			);
			runOnlyForDeploymentPostprocessing = 0;
		};
/* End PBXResourcesBuildPhase section */

/* Begin PBXShellScriptBuildPhase section */
		9453F39C59384513233178FC /* [CP] Check Pods Manifest.lock */ = {
			isa = PBXShellScriptBuildPhase;
			buildActionMask = 2147483647;
			files = (
			);
			inputFileListPaths = (
			);
			inputPaths = (
				"${PODS_PODFILE_DIR_PATH}/Podfile.lock",
				"${PODS_ROOT}/Manifest.lock",
			);
			name = "[CP] Check Pods Manifest.lock";
			outputFileListPaths = (
			);
			outputPaths = (
				"$(DERIVED_FILE_DIR)/Pods-Firebase Authentication-checkManifestLockResult.txt",
			);
			runOnlyForDeploymentPostprocessing = 0;
			shellPath = /bin/sh;
			shellScript = "diff \"${PODS_PODFILE_DIR_PATH}/Podfile.lock\" \"${PODS_ROOT}/Manifest.lock\" > /dev/null\nif [ $? != 0 ] ; then\n    # print error to STDERR\n    echo \"error: The sandbox is not in sync with the Podfile.lock. Run 'pod install' or update your CocoaPods installation.\" >&2\n    exit 1\nfi\n# This output is used by Xcode 'outputs' to avoid re-running this script phase.\necho \"SUCCESS\" > \"${SCRIPT_OUTPUT_FILE_0}\"\n";
			showEnvVarsInLog = 0;
		};
		9877D043699969759B652EB0 /* [CP] Embed Pods Frameworks */ = {
			isa = PBXShellScriptBuildPhase;
			buildActionMask = 2147483647;
			files = (
			);
			inputFileListPaths = (
				"${PODS_ROOT}/Target Support Files/Pods-Firebase Authentication/Pods-Firebase Authentication-frameworks-${CONFIGURATION}-input-files.xcfilelist",
			);
			name = "[CP] Embed Pods Frameworks";
			outputFileListPaths = (
				"${PODS_ROOT}/Target Support Files/Pods-Firebase Authentication/Pods-Firebase Authentication-frameworks-${CONFIGURATION}-output-files.xcfilelist",
			);
			runOnlyForDeploymentPostprocessing = 0;
			shellPath = /bin/sh;
			shellScript = "\"${PODS_ROOT}/Target Support Files/Pods-Firebase Authentication/Pods-Firebase Authentication-frameworks.sh\"\n";
			showEnvVarsInLog = 0;
		};
/* End PBXShellScriptBuildPhase section */

/* Begin PBXSourcesBuildPhase section */
		6A8A51AF2847729B00A3A291 /* Sources */ = {
			isa = PBXSourcesBuildPhase;
			buildActionMask = 2147483647;
			files = (
				6A8A51CB2847735A00A3A291 /* LoginViewController.swift in Sources */,
				6A8A51BB2847729B00A3A291 /* ViewController.swift in Sources */,
				6A8A51CD2847736E00A3A291 /* SignupViewController.swift in Sources */,
				6A8A51B72847729B00A3A291 /* AppDelegate.swift in Sources */,
				6AE7CD9D2847C9F30016EB80 /* Constants.swift in Sources */,
				6A8A51B92847729B00A3A291 /* SceneDelegate.swift in Sources */,
				6A8A51CF2847740C00A3A291 /* HomeViewController.swift in Sources */,
				6A436E9E284A5DB200D71F71 /* StorageManager.swift in Sources */,
			);
			runOnlyForDeploymentPostprocessing = 0;
		};
/* End PBXSourcesBuildPhase section */

/* Begin PBXVariantGroup section */
		6A8A51BC2847729C00A3A291 /* Main.storyboard */ = {
			isa = PBXVariantGroup;
			children = (
				6A8A51BD2847729C00A3A291 /* Base */,
			);
			name = Main.storyboard;
			sourceTree = "<group>";
		};
		6A8A51C12847729E00A3A291 /* LaunchScreen.storyboard */ = {
			isa = PBXVariantGroup;
			children = (
				6A8A51C22847729E00A3A291 /* Base */,
			);
			name = LaunchScreen.storyboard;
			sourceTree = "<group>";
		};
/* End PBXVariantGroup section */

/* Begin XCBuildConfiguration section */
		6A8A51C52847729E00A3A291 /* Debug */ = {
			isa = XCBuildConfiguration;
			buildSettings = {
				ALWAYS_SEARCH_USER_PATHS = NO;
				CLANG_ANALYZER_NONNULL = YES;
				CLANG_ANALYZER_NUMBER_OBJECT_CONVERSION = YES_AGGRESSIVE;
				CLANG_CXX_LANGUAGE_STANDARD = "gnu++17";
				CLANG_ENABLE_MODULES = YES;
				CLANG_ENABLE_OBJC_ARC = YES;
				CLANG_ENABLE_OBJC_WEAK = YES;
				CLANG_WARN_BLOCK_CAPTURE_AUTORELEASING = YES;
				CLANG_WARN_BOOL_CONVERSION = YES;
				CLANG_WARN_COMMA = YES;
				CLANG_WARN_CONSTANT_CONVERSION = YES;
				CLANG_WARN_DEPRECATED_OBJC_IMPLEMENTATIONS = YES;
				CLANG_WARN_DIRECT_OBJC_ISA_USAGE = YES_ERROR;
				CLANG_WARN_DOCUMENTATION_COMMENTS = YES;
				CLANG_WARN_EMPTY_BODY = YES;
				CLANG_WARN_ENUM_CONVERSION = YES;
				CLANG_WARN_INFINITE_RECURSION = YES;
				CLANG_WARN_INT_CONVERSION = YES;
				CLANG_WARN_NON_LITERAL_NULL_CONVERSION = YES;
				CLANG_WARN_OBJC_IMPLICIT_RETAIN_SELF = YES;
				CLANG_WARN_OBJC_LITERAL_CONVERSION = YES;
				CLANG_WARN_OBJC_ROOT_CLASS = YES_ERROR;
				CLANG_WARN_QUOTED_INCLUDE_IN_FRAMEWORK_HEADER = YES;
				CLANG_WARN_RANGE_LOOP_ANALYSIS = YES;
				CLANG_WARN_STRICT_PROTOTYPES = YES;
				CLANG_WARN_SUSPICIOUS_MOVE = YES;
				CLANG_WARN_UNGUARDED_AVAILABILITY = YES_AGGRESSIVE;
				CLANG_WARN_UNREACHABLE_CODE = YES;
				CLANG_WARN__DUPLICATE_METHOD_MATCH = YES;
				COPY_PHASE_STRIP = NO;
				DEBUG_INFORMATION_FORMAT = dwarf;
				ENABLE_STRICT_OBJC_MSGSEND = YES;
				ENABLE_TESTABILITY = YES;
				GCC_C_LANGUAGE_STANDARD = gnu11;
				GCC_DYNAMIC_NO_PIC = NO;
				GCC_NO_COMMON_BLOCKS = YES;
				GCC_OPTIMIZATION_LEVEL = 0;
				GCC_PREPROCESSOR_DEFINITIONS = (
					"DEBUG=1",
					"$(inherited)",
				);
				GCC_WARN_64_TO_32_BIT_CONVERSION = YES;
				GCC_WARN_ABOUT_RETURN_TYPE = YES_ERROR;
				GCC_WARN_UNDECLARED_SELECTOR = YES;
				GCC_WARN_UNINITIALIZED_AUTOS = YES_AGGRESSIVE;
				GCC_WARN_UNUSED_FUNCTION = YES;
				GCC_WARN_UNUSED_VARIABLE = YES;
				IPHONEOS_DEPLOYMENT_TARGET = 15.5;
				MTL_ENABLE_DEBUG_INFO = INCLUDE_SOURCE;
				MTL_FAST_MATH = YES;
				ONLY_ACTIVE_ARCH = YES;
				SDKROOT = iphoneos;
				SWIFT_ACTIVE_COMPILATION_CONDITIONS = DEBUG;
				SWIFT_OPTIMIZATION_LEVEL = "-Onone";
			};
			name = Debug;
		};
		6A8A51C62847729E00A3A291 /* Release */ = {
			isa = XCBuildConfiguration;
			buildSettings = {
				ALWAYS_SEARCH_USER_PATHS = NO;
				CLANG_ANALYZER_NONNULL = YES;
				CLANG_ANALYZER_NUMBER_OBJECT_CONVERSION = YES_AGGRESSIVE;
				CLANG_CXX_LANGUAGE_STANDARD = "gnu++17";
				CLANG_ENABLE_MODULES = YES;
				CLANG_ENABLE_OBJC_ARC = YES;
				CLANG_ENABLE_OBJC_WEAK = YES;
				CLANG_WARN_BLOCK_CAPTURE_AUTORELEASING = YES;
				CLANG_WARN_BOOL_CONVERSION = YES;
				CLANG_WARN_COMMA = YES;
				CLANG_WARN_CONSTANT_CONVERSION = YES;
				CLANG_WARN_DEPRECATED_OBJC_IMPLEMENTATIONS = YES;
				CLANG_WARN_DIRECT_OBJC_ISA_USAGE = YES_ERROR;
				CLANG_WARN_DOCUMENTATION_COMMENTS = YES;
				CLANG_WARN_EMPTY_BODY = YES;
				CLANG_WARN_ENUM_CONVERSION = YES;
				CLANG_WARN_INFINITE_RECURSION = YES;
				CLANG_WARN_INT_CONVERSION = YES;
				CLANG_WARN_NON_LITERAL_NULL_CONVERSION = YES;
				CLANG_WARN_OBJC_IMPLICIT_RETAIN_SELF = YES;
				CLANG_WARN_OBJC_LITERAL_CONVERSION = YES;
				CLANG_WARN_OBJC_ROOT_CLASS = YES_ERROR;
				CLANG_WARN_QUOTED_INCLUDE_IN_FRAMEWORK_HEADER = YES;
				CLANG_WARN_RANGE_LOOP_ANALYSIS = YES;
				CLANG_WARN_STRICT_PROTOTYPES = YES;
				CLANG_WARN_SUSPICIOUS_MOVE = YES;
				CLANG_WARN_UNGUARDED_AVAILABILITY = YES_AGGRESSIVE;
				CLANG_WARN_UNREACHABLE_CODE = YES;
				CLANG_WARN__DUPLICATE_METHOD_MATCH = YES;
				COPY_PHASE_STRIP = NO;
				DEBUG_INFORMATION_FORMAT = "dwarf-with-dsym";
				ENABLE_NS_ASSERTIONS = NO;
				ENABLE_STRICT_OBJC_MSGSEND = YES;
				GCC_C_LANGUAGE_STANDARD = gnu11;
				GCC_NO_COMMON_BLOCKS = YES;
				GCC_WARN_64_TO_32_BIT_CONVERSION = YES;
				GCC_WARN_ABOUT_RETURN_TYPE = YES_ERROR;
				GCC_WARN_UNDECLARED_SELECTOR = YES;
				GCC_WARN_UNINITIALIZED_AUTOS = YES_AGGRESSIVE;
				GCC_WARN_UNUSED_FUNCTION = YES;
				GCC_WARN_UNUSED_VARIABLE = YES;
				IPHONEOS_DEPLOYMENT_TARGET = 15.5;
				MTL_ENABLE_DEBUG_INFO = NO;
				MTL_FAST_MATH = YES;
				SDKROOT = iphoneos;
				SWIFT_COMPILATION_MODE = wholemodule;
				SWIFT_OPTIMIZATION_LEVEL = "-O";
				VALIDATE_PRODUCT = YES;
			};
			name = Release;
		};
		6A8A51C82847729E00A3A291 /* Debug */ = {
			isa = XCBuildConfiguration;
			baseConfigurationReference = C4855AAA6A0AB9BAE2EB0219 /* Pods-Firebase Authentication.debug.xcconfig */;
			buildSettings = {
				ASSETCATALOG_COMPILER_APPICON_NAME = AppIcon;
				ASSETCATALOG_COMPILER_GLOBAL_ACCENT_COLOR_NAME = AccentColor;
				CODE_SIGN_IDENTITY = "iPhone Developer";
				CODE_SIGN_STYLE = Manual;
				CURRENT_PROJECT_VERSION = 1;
				DEVELOPMENT_TEAM = CRP8335TC4;
				GENERATE_INFOPLIST_FILE = YES;
				INFOPLIST_FILE = "Firebase Authentication/Info.plist";
				INFOPLIST_KEY_NSPhotoLibraryAddUsageDescription = "Please allow acces to use gallery to select profile picture";
				INFOPLIST_KEY_UIApplicationSupportsIndirectInputEvents = YES;
				INFOPLIST_KEY_UILaunchStoryboardName = LaunchScreen;
				INFOPLIST_KEY_UIMainStoryboardFile = Main;
				INFOPLIST_KEY_UISupportedInterfaceOrientations_iPad = "UIInterfaceOrientationPortrait UIInterfaceOrientationPortraitUpsideDown UIInterfaceOrientationLandscapeLeft UIInterfaceOrientationLandscapeRight";
				INFOPLIST_KEY_UISupportedInterfaceOrientations_iPhone = "UIInterfaceOrientationPortrait UIInterfaceOrientationLandscapeLeft UIInterfaceOrientationLandscapeRight";
				IPHONEOS_DEPLOYMENT_TARGET = 14.0;
				LD_RUNPATH_SEARCH_PATHS = (
					"$(inherited)",
					"@executable_path/Frameworks",
				);
				MARKETING_VERSION = 1.0;
				PRODUCT_BUNDLE_IDENTIFIER = com.fanaticTV;
				PRODUCT_NAME = "$(TARGET_NAME)";
				PROVISIONING_PROFILE_SPECIFIER = Dev_FanaticTV;
				SWIFT_EMIT_LOC_STRINGS = YES;
				SWIFT_VERSION = 5.0;
				TARGETED_DEVICE_FAMILY = "1,2";
			};
			name = Debug;
		};
		6A8A51C92847729E00A3A291 /* Release */ = {
			isa = XCBuildConfiguration;
			baseConfigurationReference = DBBE2A3701502B6F00B15E83 /* Pods-Firebase Authentication.release.xcconfig */;
			buildSettings = {
				ASSETCATALOG_COMPILER_APPICON_NAME = AppIcon;
				ASSETCATALOG_COMPILER_GLOBAL_ACCENT_COLOR_NAME = AccentColor;
				CODE_SIGN_IDENTITY = "iPhone Developer";
				CODE_SIGN_STYLE = Manual;
				CURRENT_PROJECT_VERSION = 1;
				DEVELOPMENT_TEAM = CRP8335TC4;
				GENERATE_INFOPLIST_FILE = YES;
				INFOPLIST_FILE = "Firebase Authentication/Info.plist";
				INFOPLIST_KEY_NSPhotoLibraryAddUsageDescription = "Please allow acces to use gallery to select profile picture";
				INFOPLIST_KEY_UIApplicationSupportsIndirectInputEvents = YES;
				INFOPLIST_KEY_UILaunchStoryboardName = LaunchScreen;
				INFOPLIST_KEY_UIMainStoryboardFile = Main;
				INFOPLIST_KEY_UISupportedInterfaceOrientations_iPad = "UIInterfaceOrientationPortrait UIInterfaceOrientationPortraitUpsideDown UIInterfaceOrientationLandscapeLeft UIInterfaceOrientationLandscapeRight";
				INFOPLIST_KEY_UISupportedInterfaceOrientations_iPhone = "UIInterfaceOrientationPortrait UIInterfaceOrientationLandscapeLeft UIInterfaceOrientationLandscapeRight";
				IPHONEOS_DEPLOYMENT_TARGET = 14.0;
				LD_RUNPATH_SEARCH_PATHS = (
					"$(inherited)",
					"@executable_path/Frameworks",
				);
				MARKETING_VERSION = 1.0;
				PRODUCT_BUNDLE_IDENTIFIER = com.fanaticTV;
				PRODUCT_NAME = "$(TARGET_NAME)";
				PROVISIONING_PROFILE_SPECIFIER = Dev_FanaticTV;
				SWIFT_EMIT_LOC_STRINGS = YES;
				SWIFT_VERSION = 5.0;
				TARGETED_DEVICE_FAMILY = "1,2";
			};
			name = Release;
		};
/* End XCBuildConfiguration section */

/* Begin XCConfigurationList section */
		6A8A51AE2847729B00A3A291 /* Build configuration list for PBXProject "Firebase Authentication" */ = {
			isa = XCConfigurationList;
			buildConfigurations = (
				6A8A51C52847729E00A3A291 /* Debug */,
				6A8A51C62847729E00A3A291 /* Release */,
			);
			defaultConfigurationIsVisible = 0;
			defaultConfigurationName = Release;
		};
		6A8A51C72847729E00A3A291 /* Build configuration list for PBXNativeTarget "Firebase Authentication" */ = {
			isa = XCConfigurationList;
			buildConfigurations = (
				6A8A51C82847729E00A3A291 /* Debug */,
				6A8A51C92847729E00A3A291 /* Release */,
			);
			defaultConfigurationIsVisible = 0;
			defaultConfigurationName = Release;
		};
/* End XCConfigurationList section */
	};
	rootObject = 6A8A51AB2847729B00A3A291 /* Project object */;
}
